{
  "requires": true,
  "lockfileVersion": 1,
  "dependencies": {
    "@ngrx/effects": {
      "version": "14.0.1",
      "resolved": "https://registry.npmjs.org/@ngrx/effects/-/effects-14.0.1.tgz",
      "integrity": "sha512-haFJ7uB9Gz0O8TJ/3M8HDozx17Meh5gRrF7ANj6gwz3WXEZIsV6/7oxQvT6RNwikwhV7RUWAVHBF+FlNJea2JQ==",
      "requires": {
        "tslib": "^2.0.0"
      }
    },
    "tslib": {
      "version": "2.4.0",
      "resolved": "https://registry.npmjs.org/tslib/-/tslib-2.4.0.tgz",
      "integrity": "sha512-d6xOpEDfsi2CZVlPQzGeux8XMwLT9hssAsaPYExaQMuYskwb+x1x7J371tWlbBdWHroy99KnVB6qIkUbs5X3UQ=="
    }
  }
}
